// !$*UTF8*$!
{
	archiveVersion = 1;
	classes = {
	};
	objectVersion = 46;
	objects = {

/* Begin PBXBuildFile section */
		DEA4523919E1BCC800498E43 /* AppDelegate.swift in Sources */ = {isa = PBXBuildFile; fileRef = DEA4523819E1BCC800498E43 /* AppDelegate.swift */; };
		DEA4523B19E1BCC800498E43 /* ViewController.swift in Sources */ = {isa = PBXBuildFile; fileRef = DEA4523A19E1BCC800498E43 /* ViewController.swift */; };
		DEA4523E19E1BCC800498E43 /* Main.storyboard in Resources */ = {isa = PBXBuildFile; fileRef = DEA4523C19E1BCC800498E43 /* Main.storyboard */; };
		DEA4524019E1BCC800498E43 /* Images.xcassets in Resources */ = {isa = PBXBuildFile; fileRef = DEA4523F19E1BCC800498E43 /* Images.xcassets */; };
		DEA4524319E1BCC800498E43 /* LaunchScreen.xib in Resources */ = {isa = PBXBuildFile; fileRef = DEA4524119E1BCC800498E43 /* LaunchScreen.xib */; };
		DEA4524F19E1BCC900498E43 /* Laika_AgeTests.swift in Sources */ = {isa = PBXBuildFile; fileRef = DEA4524E19E1BCC900498E43 /* Laika_AgeTests.swift */; };
/* End PBXBuildFile section */

/* Begin PBXContainerItemProxy section */
		DEA4524919E1BCC900498E43 /* PBXContainerItemProxy */ = {
			isa = PBXContainerItemProxy;
			containerPortal = DEA4522B19E1BCC800498E43 /* Project object */;
			proxyType = 1;
			remoteGlobalIDString = DEA4523219E1BCC800498E43;
			remoteInfo = "Laika Age";
		};
/* End PBXContainerItemProxy section */

/* Begin PBXFileReference section */
		DEA4523319E1BCC800498E43 /* Laika Age.app */ = {isa = PBXFileReference; explicitFileType = wrapper.application; includeInIndex = 0; path = "Laika Age.app"; sourceTree = BUILT_PRODUCTS_DIR; };
		DEA4523719E1BCC800498E43 /* Info.plist */ = {isa = PBXFileReference; lastKnownFileType = text.plist.xml; path = Info.plist; sourceTree = "<group>"; };
		DEA4523819E1BCC800498E43 /* AppDelegate.swift */ = {isa = PBXFileReference; lastKnownFileType = sourcecode.swift; path = AppDelegate.swift; sourceTree = "<group>"; };
		DEA4523A19E1BCC800498E43 /* ViewController.swift */ = {isa = PBXFileReference; lastKnownFileType = sourcecode.swift; path = ViewController.swift; sourceTree = "<group>"; };
		DEA4523D19E1BCC800498E43 /* Base */ = {isa = PBXFileReference; lastKnownFileType = file.storyboard; name = Base; path = Base.lproj/Main.storyboard; sourceTree = "<group>"; };
		DEA4523F19E1BCC800498E43 /* Images.xcassets */ = {isa = PBXFileReference; lastKnownFileType = folder.assetcatalog; path = Images.xcassets; sourceTree = "<group>"; };
		DEA4524219E1BCC800498E43 /* Base */ = {isa = PBXFileReference; lastKnownFileType = file.xib; name = Base; path = Base.lproj/LaunchScreen.xib; sourceTree = "<group>"; };
		DEA4524819E1BCC800498E43 /* Laika AgeTests.xctest */ = {isa = PBXFileReference; explicitFileType = wrapper.cfbundle; includeInIndex = 0; path = "Laika AgeTests.xctest"; sourceTree = BUILT_PRODUCTS_DIR; };
		DEA4524D19E1BCC900498E43 /* Info.plist */ = {isa = PBXFileReference; lastKnownFileType = text.plist.xml; path = Info.plist; sourceTree = "<group>"; };
		DEA4524E19E1BCC900498E43 /* Laika_AgeTests.swift */ = {isa = PBXFileReference; lastKnownFileType = sourcecode.swift; path = Laika_AgeTests.swift; sourceTree = "<group>"; };
/* End PBXFileReference section */

/* Begin PBXFrameworksBuildPhase section */
		DEA4523019E1BCC800498E43 /* Frameworks */ = {
			isa = PBXFrameworksBuildPhase;
			buildActionMask = 2147483647;
			files = (
			);
			runOnlyForDeploymentPostprocessing = 0;
		};
		DEA4524519E1BCC800498E43 /* Frameworks */ = {
			isa = PBXFrameworksBuildPhase;
			buildActionMask = 2147483647;
			files = (
			);
			runOnlyForDeploymentPostprocessing = 0;
		};
/* End PBXFrameworksBuildPhase section */

/* Begin PBXGroup section */
		DEA4522A19E1BCC800498E43 = {
			isa = PBXGroup;
			children = (
				DEA4523519E1BCC800498E43 /* Laika Age */,
				DEA4524B19E1BCC900498E43 /* Laika AgeTests */,
				DEA4523419E1BCC800498E43 /* Products */,
			);
			sourceTree = "<group>";
		};
		DEA4523419E1BCC800498E43 /* Products */ = {
			isa = PBXGroup;
			children = (
				DEA4523319E1BCC800498E43 /* Laika Age.app */,
				DEA4524819E1BCC800498E43 /* Laika AgeTests.xctest */,
			);
			name = Products;
			sourceTree = "<group>";
		};
		DEA4523519E1BCC800498E43 /* Laika Age */ = {
			isa = PBXGroup;
			children = (
				DEA4523819E1BCC800498E43 /* AppDelegate.swift */,
				DEA4523A19E1BCC800498E43 /* ViewController.swift */,
				DEA4523C19E1BCC800498E43 /* Main.storyboard */,
				DEA4523F19E1BCC800498E43 /* Images.xcassets */,
				DEA4524119E1BCC800498E43 /* LaunchScreen.xib */,
				DEA4523619E1BCC800498E43 /* Supporting Files */,
			);
			path = "Laika Age";
			sourceTree = "<group>";
		};
		DEA4523619E1BCC800498E43 /* Supporting Files */ = {
			isa = PBXGroup;
			children = (
				DEA4523719E1BCC800498E43 /* Info.plist */,
			);
			name = "Supporting Files";
			sourceTree = "<group>";
		};
		DEA4524B19E1BCC900498E43 /* Laika AgeTests */ = {
			isa = PBXGroup;
			children = (
				DEA4524E19E1BCC900498E43 /* Laika_AgeTests.swift */,
				DEA4524C19E1BCC900498E43 /* Supporting Files */,
			);
			path = "Laika AgeTests";
			sourceTree = "<group>";
		};
		DEA4524C19E1BCC900498E43 /* Supporting Files */ = {
			isa = PBXGroup;
			children = (
				DEA4524D19E1BCC900498E43 /* Info.plist */,
			);
			name = "Supporting Files";
			sourceTree = "<group>";
		};
/* End PBXGroup section */

/* Begin PBXNativeTarget section */
		DEA4523219E1BCC800498E43 /* Laika Age */ = {
			isa = PBXNativeTarget;
			buildConfigurationList = DEA4525219E1BCC900498E43 /* Build configuration list for PBXNativeTarget "Laika Age" */;
			buildPhases = (
				DEA4522F19E1BCC800498E43 /* Sources */,
				DEA4523019E1BCC800498E43 /* Frameworks */,
				DEA4523119E1BCC800498E43 /* Resources */,
			);
			buildRules = (
			);
			dependencies = (
			);
			name = "Laika Age";
			productName = "Laika Age";
			productReference = DEA4523319E1BCC800498E43 /* Laika Age.app */;
			productType = "com.apple.product-type.application";
		};
		DEA4524719E1BCC800498E43 /* Laika AgeTests */ = {
			isa = PBXNativeTarget;
			buildConfigurationList = DEA4525519E1BCC900498E43 /* Build configuration list for PBXNativeTarget "Laika AgeTests" */;
			buildPhases = (
				DEA4524419E1BCC800498E43 /* Sources */,
				DEA4524519E1BCC800498E43 /* Frameworks */,
				DEA4524619E1BCC800498E43 /* Resources */,
			);
			buildRules = (
			);
			dependencies = (
				DEA4524A19E1BCC900498E43 /* PBXTargetDependency */,
			);
			name = "Laika AgeTests";
			productName = "Laika AgeTests";
			productReference = DEA4524819E1BCC800498E43 /* Laika AgeTests.xctest */;
			productType = "com.apple.product-type.bundle.unit-test";
		};
/* End PBXNativeTarget section */

/* Begin PBXProject section */
		DEA4522B19E1BCC800498E43 /* Project object */ = {
			isa = PBXProject;
			attributes = {
				LastUpgradeCheck = 0600;
				ORGANIZATIONNAME = Merritte;
				TargetAttributes = {
					DEA4523219E1BCC800498E43 = {
						CreatedOnToolsVersion = 6.0;
					};
					DEA4524719E1BCC800498E43 = {
						CreatedOnToolsVersion = 6.0;
						TestTargetID = DEA4523219E1BCC800498E43;
					};
				};
			};
			buildConfigurationList = DEA4522E19E1BCC800498E43 /* Build configuration list for PBXProject "Laika Age" */;
			compatibilityVersion = "Xcode 3.2";
			developmentRegion = English;
			hasScannedForEncodings = 0;
			knownRegions = (
				en,
				Base,
			);
			mainGroup = DEA4522A19E1BCC800498E43;
			productRefGroup = DEA4523419E1BCC800498E43 /* Products */;
			projectDirPath = "";
			projectRoot = "";
			targets = (
				DEA4523219E1BCC800498E43 /* Laika Age */,
				DEA4524719E1BCC800498E43 /* Laika AgeTests */,
			);
		};
/* End PBXProject section */

/* Begin PBXResourcesBuildPhase section */
		DEA4523119E1BCC800498E43 /* Resources */ = {
			isa = PBXResourcesBuildPhase;
			buildActionMask = 2147483647;
			files = (
				DEA4523E19E1BCC800498E43 /* Main.storyboard in Resources */,
				DEA4524319E1BCC800498E43 /* LaunchScreen.xib in Resources */,
				DEA4524019E1BCC800498E43 /* Images.xcassets in Resources */,
			);
			runOnlyForDeploymentPostprocessing = 0;
		};
		DEA4524619E1BCC800498E43 /* Resources */ = {
			isa = PBXResourcesBuildPhase;
			buildActionMask = 2147483647;
			files = (
			);
			runOnlyForDeploymentPostprocessing = 0;
		};
/* End PBXResourcesBuildPhase section */

/* Begin PBXSourcesBuildPhase section */
		DEA4522F19E1BCC800498E43 /* Sources */ = {
			isa = PBXSourcesBuildPhase;
			buildActionMask = 2147483647;
			files = (
				DEA4523B19E1BCC800498E43 /* ViewController.swift in Sources */,
				DEA4523919E1BCC800498E43 /* AppDelegate.swift in Sources */,
			);
			runOnlyForDeploymentPostprocessing = 0;
		};
		DEA4524419E1BCC800498E43 /* Sources */ = {
			isa = PBXSourcesBuildPhase;
			buildActionMask = 2147483647;
			files = (
				DEA4524F19E1BCC900498E43 /* Laika_AgeTests.swift in Sources */,
			);
			runOnlyForDeploymentPostprocessing = 0;
		};
/* End PBXSourcesBuildPhase section */

/* Begin PBXTargetDependency section */
		DEA4524A19E1BCC900498E43 /* PBXTargetDependency */ = {
			isa = PBXTargetDependency;
			target = DEA4523219E1BCC800498E43 /* Laika Age */;
			targetProxy = DEA4524919E1BCC900498E43 /* PBXContainerItemProxy */;
		};
/* End PBXTargetDependency section */

/* Begin PBXVariantGroup section */
		DEA4523C19E1BCC800498E43 /* Main.storyboard */ = {
			isa = PBXVariantGroup;
			children = (
				DEA4523D19E1BCC800498E43 /* Base */,
			);
			name = Main.storyboard;
			sourceTree = "<group>";
		};
		DEA4524119E1BCC800498E43 /* LaunchScreen.xib */ = {
			isa = PBXVariantGroup;
			children = (
				DEA4524219E1BCC800498E43 /* Base */,
			);
			name = LaunchScreen.xib;
			sourceTree = "<group>";
		};
/* End PBXVariantGroup section */

/* Begin XCBuildConfiguration section */
		DEA4525019E1BCC900498E43 /* Debug */ = {
			isa = XCBuildConfiguration;
			buildSettings = {
				ALWAYS_SEARCH_USER_PATHS = NO;
				CLANG_CXX_LANGUAGE_STANDARD = "gnu++0x";
				CLANG_CXX_LIBRARY = "libc++";
				CLANG_ENABLE_MODULES = YES;
				CLANG_ENABLE_OBJC_ARC = YES;
				CLANG_WARN_BOOL_CONVERSION = YES;
				CLANG_WARN_CONSTANT_CONVERSION = YES;
				CLANG_WARN_DIRECT_OBJC_ISA_USAGE = YES_ERROR;
				CLANG_WARN_EMPTY_BODY = YES;
				CLANG_WARN_ENUM_CONVERSION = YES;
				CLANG_WARN_INT_CONVERSION = YES;
				CLANG_WARN_OBJC_ROOT_CLASS = YES_ERROR;
				CLANG_WARN_UNREACHABLE_CODE = YES;
				CLANG_WARN__DUPLICATE_METHOD_MATCH = YES;
				"CODE_SIGN_IDENTITY[sdk=iphoneos*]" = "iPhone Developer";
				COPY_PHASE_STRIP = NO;
				ENABLE_STRICT_OBJC_MSGSEND = YES;
				GCC_C_LANGUAGE_STANDARD = gnu99;
				GCC_DYNAMIC_NO_PIC = NO;
				GCC_OPTIMIZATION_LEVEL = 0;
				GCC_PREPROCESSOR_DEFINITIONS = (
					"DEBUG=1",
					"$(inherited)",
				);
				GCC_SYMBOLS_PRIVATE_EXTERN = NO;
				GCC_WARN_64_TO_32_BIT_CONVERSION = YES;
				GCC_WARN_ABOUT_RETURN_TYPE = YES_ERROR;
				GCC_WARN_UNDECLARED_SELECTOR = YES;
				GCC_WARN_UNINITIALIZED_AUTOS = YES_AGGRESSIVE;
				GCC_WARN_UNUSED_FUNCTION = YES;
				GCC_WARN_UNUSED_VARIABLE = YES;
				IPHONEOS_DEPLOYMENT_TARGET = 8.0;
				MTL_ENABLE_DEBUG_INFO = YES;
				ONLY_ACTIVE_ARCH = YES;
				SDKROOT = iphoneos;
				SWIFT_OPTIMIZATION_LEVEL = "-Onone";
			};
			name = Debug;
		};
		DEA4525119E1BCC900498E43 /* Release */ = {
			isa = XCBuildConfiguration;
			buildSettings = {
				ALWAYS_SEARCH_USER_PATHS = NO;
				CLANG_CXX_LANGUAGE_STANDARD = "gnu++0x";
				CLANG_CXX_LIBRARY = "libc++";
				CLANG_ENABLE_MODULES = YES;
				CLANG_ENABLE_OBJC_ARC = YES;
				CLANG_WARN_BOOL_CONVERSION = YES;
				CLANG_WARN_CONSTANT_CONVERSION = YES;
				CLANG_WARN_DIRECT_OBJC_ISA_USAGE = YES_ERROR;
				CLANG_WARN_EMPTY_BODY = YES;
				CLANG_WARN_ENUM_CONVERSION = YES;
				CLANG_WARN_INT_CONVERSION = YES;
				CLANG_WARN_OBJC_ROOT_CLASS = YES_ERROR;
				CLANG_WARN_UNREACHABLE_CODE = YES;
				CLANG_WARN__DUPLICATE_METHOD_MATCH = YES;
				"CODE_SIGN_IDENTITY[sdk=iphoneos*]" = "iPhone Developer";
				COPY_PHASE_STRIP = YES;
				ENABLE_NS_ASSERTIONS = NO;
				ENABLE_STRICT_OBJC_MSGSEND = YES;
				GCC_C_LANGUAGE_STANDARD = gnu99;
				GCC_WARN_64_TO_32_BIT_CONVERSION = YES;
				GCC_WARN_ABOUT_RETURN_TYPE = YES_ERROR;
				GCC_WARN_UNDECLARED_SELECTOR = YES;
				GCC_WARN_UNINITIALIZED_AUTOS = YES_AGGRESSIVE;
				GCC_WARN_UNUSED_FUNCTION = YES;
				GCC_WARN_UNUSED_VARIABLE = YES;
				IPHONEOS_DEPLOYMENT_TARGET = 8.0;
				MTL_ENABLE_DEBUG_INFO = NO;
				SDKROOT = iphoneos;
				VALIDATE_PRODUCT = YES;
			};
			name = Release;
		};
		DEA4525319E1BCC900498E43 /* Debug */ = {
			isa = XCBuildConfiguration;
			buildSettings = {
				ASSETCATALOG_COMPILER_APPICON_NAME = AppIcon;
				INFOPLIST_FILE = "Laika Age/Info.plist";
				LD_RUNPATH_SEARCH_PATHS = "$(inherited) @executable_path/Frameworks";
				PRODUCT_NAME = "$(TARGET_NAME)";
			};
			name = Debug;
		};
		DEA4525419E1BCC900498E43 /* Release */ = {
			isa = XCBuildConfiguration;
			buildSettings = {
				ASSETCATALOG_COMPILER_APPICON_NAME = AppIcon;
				INFOPLIST_FILE = "Laika Age/Info.plist";
				LD_RUNPATH_SEARCH_PATHS = "$(inherited) @executable_path/Frameworks";
				PRODUCT_NAME = "$(TARGET_NAME)";
			};
			name = Release;
		};
		DEA4525619E1BCC900498E43 /* Debug */ = {
			isa = XCBuildConfiguration;
			buildSettings = {
				BUNDLE_LOADER = "$(TEST_HOST)";
				FRAMEWORK_SEARCH_PATHS = (
					"$(SDKROOT)/Developer/Library/Frameworks",
					"$(inherited)",
				);
				GCC_PREPROCESSOR_DEFINITIONS = (
					"DEBUG=1",
					"$(inherited)",
				);
				INFOPLIST_FILE = "Laika AgeTests/Info.plist";
				LD_RUNPATH_SEARCH_PATHS = "$(inherited) @executable_path/Frameworks @loader_path/Frameworks";
				PRODUCT_NAME = "$(TARGET_NAME)";
				TEST_HOST = "$(BUILT_PRODUCTS_DIR)/Laika Age.app/Laika Age";
			};
			name = Debug;
		};
		DEA4525719E1BCC900498E43 /* Release */ = {
			isa = XCBuildConfiguration;
			buildSettings = {
				BUNDLE_LOADER = "$(TEST_HOST)";
				FRAMEWORK_SEARCH_PATHS = (
					"$(SDKROOT)/Developer/Library/Frameworks",
					"$(inherited)",
				);
				INFOPLIST_FILE = "Laika AgeTests/Info.plist";
				LD_RUNPATH_SEARCH_PATHS = "$(inherited) @executable_path/Frameworks @loader_path/Frameworks";
				PRODUCT_NAME = "$(TARGET_NAME)";
				TEST_HOST = "$(BUILT_PRODUCTS_DIR)/Laika Age.app/Laika Age";
			};
			name = Release;
		};
/* End XCBuildConfiguration section */

/* Begin XCConfigurationList section */
		DEA4522E19E1BCC800498E43 /* Build configuration list for PBXProject "Laika Age" */ = {
			isa = XCConfigurationList;
			buildConfigurations = (
				DEA4525019E1BCC900498E43 /* Debug */,
				DEA4525119E1BCC900498E43 /* Release */,
			);
			defaultConfigurationIsVisible = 0;
			defaultConfigurationName = Release;
		};
		DEA4525219E1BCC900498E43 /* Build configuration list for PBXNativeTarget "Laika Age" */ = {
			isa = XCConfigurationList;
			buildConfigurations = (
				DEA4525319E1BCC900498E43 /* Debug */,
				DEA4525419E1BCC900498E43 /* Release */,
			);
			defaultConfigurationIsVisible = 0;
		};
		DEA4525519E1BCC900498E43 /* Build configuration list for PBXNativeTarget "Laika AgeTests" */ = {
			isa = XCConfigurationList;
			buildConfigurations = (
				DEA4525619E1BCC900498E43 /* Debug */,
				DEA4525719E1BCC900498E43 /* Release */,
			);
			defaultConfigurationIsVisible = 0;
		};
/* End XCConfigurationList section */
	};
	rootObject = DEA4522B19E1BCC800498E43 /* Project object */;
}
